
Microsoft Visual Studio Solution File, Format Version 12.00
# Visual Studio Version 16
VisualStudioVersion = 16.0.29613.14
MinimumVisualStudioVersion = 10.0.40219.1
Project("{9A19103F-16F7-4668-BE54-9A1E7A4F7556}") = "RiscVSim.ConsoleApp", "RiscVSim\RiscVSim.ConsoleApp.csproj", "{145B600C-F6D5-4524-AF0B-C0EF6B5912CD}"
EndProject
Project("{9A19103F-16F7-4668-BE54-9A1E7A4F7556}") = "RiscVSim.Environment", "RiscVSim.Environment\RiscVSim.Environment.csproj", "{5B19B57E-43A2-4AF7-A627-9907F61FC39E}"
EndProject
Project("{9A19103F-16F7-4668-BE54-9A1E7A4F7556}") = "RiscVSim.Environment.Test", "RiscVSim.Environment.Test\RiscVSim.Environment.Test.csproj", "{18C971D7-FC88-4AB6-AEF9-B3BBFFAACB7C}"
EndProject
Project("{9A19103F-16F7-4668-BE54-9A1E7A4F7556}") = "RiscVSim.Input", "RiscVSim.Input\RiscVSim.Input.csproj", "{A68250B9-C550-4C2A-A3FF-7DA7A8DF4823}"
EndProject
Project("{9A19103F-16F7-4668-BE54-9A1E7A4F7556}") = "RiscVSim.Rv32I", "RiscVSim.Rv32I\RiscVSim.Rv32I.csproj", "{B0C19678-D028-442E-8951-945881DA1960}"
EndProject
Project("{9A19103F-16F7-4668-BE54-9A1E7A4F7556}") = "RiscVSim.RV64I", "RiscVSim.RV64I\RiscVSim.RV64I.csproj", "{60320C4E-95C9-4ABE-9B11-03E45D2A4FF7}"
EndProject
Global
	GlobalSection(SolutionConfigurationPlatforms) = preSolution
		Debug|Any CPU = Debug|Any CPU
		Release|Any CPU = Release|Any CPU
	EndGlobalSection
	GlobalSection(ProjectConfigurationPlatforms) = postSolution
		{145B600C-F6D5-4524-AF0B-C0EF6B5912CD}.Debug|Any CPU.ActiveCfg = Debug|Any CPU
		{145B600C-F6D5-4524-AF0B-C0EF6B5912CD}.Debug|Any CPU.Build.0 = Debug|Any CPU
		{145B600C-F6D5-4524-AF0B-C0EF6B5912CD}.Release|Any CPU.ActiveCfg = Release|Any CPU
		{145B600C-F6D5-4524-AF0B-C0EF6B5912CD}.Release|Any CPU.Build.0 = Release|Any CPU
		{5B19B57E-43A2-4AF7-A627-9907F61FC39E}.Debug|Any CPU.ActiveCfg = Debug|Any CPU
		{5B19B57E-43A2-4AF7-A627-9907F61FC39E}.Debug|Any CPU.Build.0 = Debug|Any CPU
		{5B19B57E-43A2-4AF7-A627-9907F61FC39E}.Release|Any CPU.ActiveCfg = Release|Any CPU
		{5B19B57E-43A2-4AF7-A627-9907F61FC39E}.Release|Any CPU.Build.0 = Release|Any CPU
		{18C971D7-FC88-4AB6-AEF9-B3BBFFAACB7C}.Debug|Any CPU.ActiveCfg = Debug|Any CPU
		{18C971D7-FC88-4AB6-AEF9-B3BBFFAACB7C}.Debug|Any CPU.Build.0 = Debug|Any CPU
		{18C971D7-FC88-4AB6-AEF9-B3BBFFAACB7C}.Release|Any CPU.ActiveCfg = Release|Any CPU
		{18C971D7-FC88-4AB6-AEF9-B3BBFFAACB7C}.Release|Any CPU.Build.0 = Release|Any CPU
		{A68250B9-C550-4C2A-A3FF-7DA7A8DF4823}.Debug|Any CPU.ActiveCfg = Debug|Any CPU
		{A68250B9-C550-4C2A-A3FF-7DA7A8DF4823}.Debug|Any CPU.Build.0 = Debug|Any CPU
		{A68250B9-C550-4C2A-A3FF-7DA7A8DF4823}.Release|Any CPU.ActiveCfg = Release|Any CPU
		{A68250B9-C550-4C2A-A3FF-7DA7A8DF4823}.Release|Any CPU.Build.0 = Release|Any CPU
		{B0C19678-D028-442E-8951-945881DA1960}.Debug|Any CPU.ActiveCfg = Debug|Any CPU
		{B0C19678-D028-442E-8951-945881DA1960}.Debug|Any CPU.Build.0 = Debug|Any CPU
		{B0C19678-D028-442E-8951-945881DA1960}.Release|Any CPU.ActiveCfg = Release|Any CPU
		{B0C19678-D028-442E-8951-945881DA1960}.Release|Any CPU.Build.0 = Release|Any CPU
		{60320C4E-95C9-4ABE-9B11-03E45D2A4FF7}.Debug|Any CPU.ActiveCfg = Debug|Any CPU
		{60320C4E-95C9-4ABE-9B11-03E45D2A4FF7}.Debug|Any CPU.Build.0 = Debug|Any CPU
		{60320C4E-95C9-4ABE-9B11-03E45D2A4FF7}.Release|Any CPU.ActiveCfg = Release|Any CPU
		{60320C4E-95C9-4ABE-9B11-03E45D2A4FF7}.Release|Any CPU.Build.0 = Release|Any CPU
	EndGlobalSection
	GlobalSection(SolutionProperties) = preSolution
		HideSolutionNode = FALSE
	EndGlobalSection
	GlobalSection(ExtensibilityGlobals) = postSolution
		SolutionGuid = {C8879988-CD53-4EE0-9057-7350A3D67AEF}
	EndGlobalSection
EndGlobal
